<?xml version="1.0" encoding="utf-8"?>
<Project ToolsVersion="4.0" xmlns="http://schemas.microsoft.com/developer/msbuild/2003">
  <ItemGroup>
    <Filter Include="Headers">
      <UniqueIdentifier>{4b0a624a-610d-4bc6-b311-2b02a781cdf9}</UniqueIdentifier>
    </Filter>
    <Filter Include="Sources">
      <UniqueIdentifier>{96692d2a-8790-41a9-bfac-6c5662d4ad61}</UniqueIdentifier>
    </Filter>
    <Filter Include="Objects">
      <UniqueIdentifier>{2c12e06e-d950-411e-8b3b-973e2fba8a2e}</UniqueIdentifier>
    </Filter>
    <Filter Include="Components">
      <UniqueIdentifier>{0a16c94b-80da-495c-a4eb-fa9d852f3155}</UniqueIdentifier>
    </Filter>
    <Filter Include="Patchs">
      <UniqueIdentifier>{b1697eed-9908-4826-a43e-fc6bdeafc6d6}</UniqueIdentifier>
    </Filter>
    <Filter Include="Patchs\Inputs">
      <UniqueIdentifier>{8ea8304f-7d85-4729-b7b5-7be5259c8157}</UniqueIdentifier>
    </Filter>
    <Filter Include="Patchs\Utilitys">
      <UniqueIdentifier>{9f290e5f-5ed5-4847-a9b1-b069ae6c90b8}</UniqueIdentifier>
    </Filter>
    <Filter Include="Patchs\Inputs\InputHelper">
      <UniqueIdentifier>{6034174d-3bde-4479-ae15-dd94addc6417}</UniqueIdentifier>
    </Filter>
    <Filter Include="Patchs\Utilitys\DelegateSystem">
      <UniqueIdentifier>{2c9342b7-cf30-4d49-bdfe-bbb26702b974}</UniqueIdentifier>
    </Filter>
    <Filter Include="Patchs\Inputs\BasecrossInputer">
      <UniqueIdentifier>{5a57cec0-049e-4985-96f2-7ddd9088504a}</UniqueIdentifier>
    </Filter>
    <Filter Include="Patchs\basecross">
      <UniqueIdentifier>{bb695e37-2514-4694-bf85-ab9b2c3717ca}</UniqueIdentifier>
    </Filter>
    <Filter Include="Patchs\Utilitys\ActionTimer">
      <UniqueIdentifier>{cf684c3b-b1b7-4fca-ab0a-047c882a933b}</UniqueIdentifier>
    </Filter>
    <Filter Include="Patchs\basecross\UIHelper">
      <UniqueIdentifier>{c21e1771-31e4-4beb-b470-3489478cdabb}</UniqueIdentifier>
    </Filter>
    <Filter Include="Patchs\Utilitys\ex_weak_ptr">
      <UniqueIdentifier>{c1dea5a4-1867-4a7c-9eb9-38af1ae3e5b6}</UniqueIdentifier>
    </Filter>
    <Filter Include="Patchs\basecross\BezierTransitioner">
      <UniqueIdentifier>{67091211-fc35-4bf9-b7e4-25bf77668c2e}</UniqueIdentifier>
    </Filter>
    <Filter Include="Patchs\Maths">
      <UniqueIdentifier>{96c4f73f-ab43-4bee-85e0-0dbfede4fea8}</UniqueIdentifier>
    </Filter>
    <Filter Include="Patchs\Maths\Bezier">
      <UniqueIdentifier>{f70e135d-2359-44a1-a195-57b7670dc925}</UniqueIdentifier>
    </Filter>
    <Filter Include="Objects\Player">
      <UniqueIdentifier>{ab924e83-5c70-4a49-8885-1bda3f61f46a}</UniqueIdentifier>
    </Filter>
    <Filter Include="Stages">
      <UniqueIdentifier>{3193fbb8-f073-4421-b1e5-ded3011f2184}</UniqueIdentifier>
    </Filter>
    <Filter Include="Stages\GameStage">
      <UniqueIdentifier>{997c51af-c47c-47d7-90b3-b958dc709dd9}</UniqueIdentifier>
    </Filter>
    <Filter Include="Maru">
      <UniqueIdentifier>{d3af788f-c0c9-4122-9ab8-27d30e05e62e}</UniqueIdentifier>
    </Filter>
    <Filter Include="Maru\Astar">
      <UniqueIdentifier>{ceb38311-a939-4f54-914d-4553ac69e531}</UniqueIdentifier>
    </Filter>
    <Filter Include="Maru\Astar\GraphNode">
      <UniqueIdentifier>{fd7ddc07-2b43-4996-903e-2df1a49d9fbf}</UniqueIdentifier>
    </Filter>
    <Filter Include="Maru\Astar\GraphEdge">
      <UniqueIdentifier>{5c3cd9e0-b287-4aee-b098-24bcdd6fd7af}</UniqueIdentifier>
    </Filter>
    <Filter Include="Maru\Astar\GraphNode\NavGraphNode">
      <UniqueIdentifier>{0127342d-7a04-425a-a63e-dd2a8650a656}</UniqueIdentifier>
    </Filter>
    <Filter Include="Maru\Astar\SparseGraph">
      <UniqueIdentifier>{146890ae-e14b-4f42-b16f-b1c8e8b6d6d6}</UniqueIdentifier>
    </Filter>
    <Filter Include="Maru\TestStage">
      <UniqueIdentifier>{84e15fa2-dc3d-46bd-a2e2-6b680dbee1e2}</UniqueIdentifier>
    </Filter>
    <Filter Include="Maru\Enemy">
      <UniqueIdentifier>{df70e2e6-5712-4e19-9882-f83cbd767c0b}</UniqueIdentifier>
    </Filter>
    <Filter Include="Itabashi">
      <UniqueIdentifier>{31a41ec9-3d62-4d81-a7c6-789613bc9ee8}</UniqueIdentifier>
    </Filter>
    <Filter Include="Itabashi\Inputs">
      <UniqueIdentifier>{b66039da-1cf4-4712-8b67-266fd2b8b139}</UniqueIdentifier>
    </Filter>
    <Filter Include="Itabashi\Inputs\PlayerInputer">
      <UniqueIdentifier>{b403c781-feea-4210-ae15-8248516a5e84}</UniqueIdentifier>
    </Filter>
    <Filter Include="Itabashi\PlayerObject">
      <UniqueIdentifier>{122d87cd-c1bf-4518-8c04-83d5028304f4}</UniqueIdentifier>
    </Filter>
    <Filter Include="Itabashi\Stage">
      <UniqueIdentifier>{cea4f9bd-46bd-4295-b7a5-2795e5fa44f9}</UniqueIdentifier>
    </Filter>
    <Filter Include="Itabashi\PlayerCameraObject">
      <UniqueIdentifier>{621fd597-b413-47d9-bdb3-df9a993dff9f}</UniqueIdentifier>
    </Filter>
    <Filter Include="Patchs\Maths\MyMath">
      <UniqueIdentifier>{b5b99c72-316b-47bf-89cc-86ccf6366663}</UniqueIdentifier>
    </Filter>
    <Filter Include="Itabashi\Components">
      <UniqueIdentifier>{96229e58-db65-4675-8bfc-58bd13ab03b9}</UniqueIdentifier>
    </Filter>
    <Filter Include="Itabashi\Components\PlayerMover">
      <UniqueIdentifier>{6b09f635-c8fe-4c47-b242-20074a4dd0ac}</UniqueIdentifier>
    </Filter>
    <Filter Include="Itabashi\Components\PlayerFPSCameraMover">
      <UniqueIdentifier>{408746b2-719d-414c-ad20-7cfe1b712910}</UniqueIdentifier>
    </Filter>
    <Filter Include="Maru\Enemy\Object">
      <UniqueIdentifier>{4965dc1f-7a8c-4767-b962-af79a521793d}</UniqueIdentifier>
    </Filter>
    <Filter Include="Maru\Astar\Heuristic">
      <UniqueIdentifier>{84fe0058-3e9b-4ce8-8dd8-aebbe9290e97}</UniqueIdentifier>
    </Filter>
    <Filter Include="Maru\Astar\GraphAstar">
      <UniqueIdentifier>{104f405c-f970-4d1a-a158-badb80056fa2}</UniqueIdentifier>
    </Filter>
    <Filter Include="Maru\Enemy\Component">
      <UniqueIdentifier>{bd7b30f6-fffc-4b3a-a4bc-c06e624a3bfe}</UniqueIdentifier>
    </Filter>
    <Filter Include="Maru\Enemy\Component\Enemy">
      <UniqueIdentifier>{48186e4c-0c09-4d6f-aaf2-887440318ea5}</UniqueIdentifier>
    </Filter>
    <Filter Include="Maru\Enemy\Component\Enemy\TestEnemy">
      <UniqueIdentifier>{96a6c5a0-c6ba-4bc6-9cc8-8c8118a05b56}</UniqueIdentifier>
    </Filter>
    <Filter Include="Maru\Enemy\Component\PlowlingMove">
      <UniqueIdentifier>{e8f8eace-7e18-486f-8e88-e004d33087ef}</UniqueIdentifier>
    </Filter>
    <Filter Include="Maru\StateMachine">
      <UniqueIdentifier>{202a3964-3764-46d9-a6ae-c53493ab2e4b}</UniqueIdentifier>
    </Filter>
    <Filter Include="Maru\Enemy\EnemyStateMachine">
      <UniqueIdentifier>{30be2354-38be-413d-82d9-8eef988daf03}</UniqueIdentifier>
    </Filter>
    <Filter Include="Itabashi\Components\PlayerProvider">
      <UniqueIdentifier>{8d9fdd75-e194-4459-a196-1be9e6115ea1}</UniqueIdentifier>
    </Filter>
    <Filter Include="Itabashi\Components\PlayerStanceManager">
      <UniqueIdentifier>{a03a8fe2-75c8-4c83-aee6-15e4348355dc}</UniqueIdentifier>
    </Filter>
    <Filter Include="Maru\Enemy\EnemyStateMachine\EnState_Plowling">
      <UniqueIdentifier>{7894883d-bc8a-4d57-a199-3808bcd13059}</UniqueIdentifier>
    </Filter>
    <Filter Include="Maru\Enemy\EnemyStateMachine\EnState_TargetChase">
      <UniqueIdentifier>{7db85269-b982-4a48-be11-fa0af18d0837}</UniqueIdentifier>
    </Filter>
    <Filter Include="Maru\Enemy\AstarCtrl">
      <UniqueIdentifier>{619b9cef-dde1-407a-8e2d-b518d807d726}</UniqueIdentifier>
    </Filter>
    <Filter Include="Maru\Enemy\Component\TargetChase">
      <UniqueIdentifier>{88435333-0cf8-4c34-aca3-f1aa1e4c23bb}</UniqueIdentifier>
    </Filter>
    <Filter Include="Maru\MaruUthilyty">
      <UniqueIdentifier>{a281861c-c082-4f38-bc6e-1fd232c5d920}</UniqueIdentifier>
    </Filter>
    <Filter Include="Maru\MaruUthilyty\Utility">
      <UniqueIdentifier>{3e566ccb-e4c8-4a7d-b275-cbf7e4c0b54c}</UniqueIdentifier>
    </Filter>
    <Filter Include="Maru\MaruUthilyty\Mathf">
      <UniqueIdentifier>{5cdbb210-e021-43b7-a88c-13aeb2e8acdb}</UniqueIdentifier>
    </Filter>
    <Filter Include="Maru\Enemy\Object\MTestEnemyObject">
      <UniqueIdentifier>{234102e7-b5d5-4c6e-9457-2768e8495afb}</UniqueIdentifier>
    </Filter>
    <Filter Include="Maru\Object">
      <UniqueIdentifier>{451988c1-f723-4865-9b61-9d5c2c71a59a}</UniqueIdentifier>
    </Filter>
    <Filter Include="Maru\Enemy\Component\SearchObject">
      <UniqueIdentifier>{e210bef0-fb93-4346-bc62-7a7593147774}</UniqueIdentifier>
    </Filter>
    <Filter Include="Maru\Enemy\Component\EyeSearchRange">
      <UniqueIdentifier>{083cfdae-c473-41a5-98d2-ff26503ac754}</UniqueIdentifier>
    </Filter>
    <Filter Include="Maru\Object\DebugObject">
      <UniqueIdentifier>{15ff17ff-1e78-4c4b-aaa5-ddd5c72f7273}</UniqueIdentifier>
    </Filter>
    <Filter Include="Maru\Object\MTestBox">
      <UniqueIdentifier>{6ec58966-bcc1-4196-bcf3-6452684b1bc1}</UniqueIdentifier>
    </Filter>
    <Filter Include="Maru\Enemy\Interface">
      <UniqueIdentifier>{cda808ac-7333-4a65-869f-8e3b52f0a912}</UniqueIdentifier>
    </Filter>
    <Filter Include="Maru\Enemy\Component\Enemy\TestEnemy\MTestEnemy">
      <UniqueIdentifier>{6fa8d1fc-8017-493f-96a5-f615073e46b8}</UniqueIdentifier>
    </Filter>
    <Filter Include="Maru\Enemy\Component\Enemy\TestEnemy\ChaseEnemy">
      <UniqueIdentifier>{27298ef4-23a5-4de1-8471-a2b2ed8b80f1}</UniqueIdentifier>
    </Filter>
    <Filter Include="Maru\Enemy\Object\ChanseEnemyObject">
      <UniqueIdentifier>{da132fd0-57ce-43c0-a5bd-44d58c1920bc}</UniqueIdentifier>
    </Filter>
    <Filter Include="Maru\Enemy\EnemyStateMachine\EnState_LoseTarget">
      <UniqueIdentifier>{38673ace-c935-404f-825e-1acd87cfdb1d}</UniqueIdentifier>
    </Filter>
    <Filter Include="Maru\Enemy\Component\ReturnPlowlingPosition">
      <UniqueIdentifier>{a67ad3bd-77c5-4e45-9358-e443b571f866}</UniqueIdentifier>
    </Filter>
  </ItemGroup>
  <ItemGroup>
    <ClInclude Include="$(MSBuildThisFileDirectory)Project.h">
      <Filter>Headers</Filter>
    </ClInclude>
    <ClInclude Include="$(MSBuildThisFileDirectory)ProjectShader.h">
      <Filter>Headers</Filter>
    </ClInclude>
    <ClInclude Include="$(MSBuildThisFileDirectory)Scene.h">
      <Filter>Headers</Filter>
    </ClInclude>
    <ClInclude Include="$(MSBuildThisFileDirectory)ProjectBehavior.h">
      <Filter>Headers</Filter>
    </ClInclude>
    <ClInclude Include="$(MSBuildThisFileDirectory)GameStage.h">
      <Filter>Stages\GameStage</Filter>
    </ClInclude>
    <ClInclude Include="$(MSBuildThisFileDirectory)InputHelper.h">
      <Filter>Patchs\Inputs\InputHelper</Filter>
    </ClInclude>
    <ClInclude Include="$(MSBuildThisFileDirectory)DelegateSystem.h">
      <Filter>Patchs\Utilitys\DelegateSystem</Filter>
    </ClInclude>
    <ClInclude Include="$(MSBuildThisFileDirectory)BasecrossInputer.h">
      <Filter>Patchs\Inputs\BasecrossInputer</Filter>
    </ClInclude>
    <ClInclude Include="$(MSBuildThisFileDirectory)ActionTimer.h">
      <Filter>Patchs\Utilitys\ActionTimer</Filter>
    </ClInclude>
    <ClInclude Include="$(MSBuildThisFileDirectory)UIHelper.h">
      <Filter>Patchs\basecross\UIHelper</Filter>
    </ClInclude>
    <ClInclude Include="$(MSBuildThisFileDirectory)ex_weak_ptr.h">
      <Filter>Patchs\Utilitys\ex_weak_ptr</Filter>
    </ClInclude>
    <ClInclude Include="$(MSBuildThisFileDirectory)Bezier.h">
      <Filter>Patchs\Maths\Bezier</Filter>
    </ClInclude>
    <ClInclude Include="$(MSBuildThisFileDirectory)BezierTransitioner.h">
      <Filter>Patchs\basecross\BezierTransitioner</Filter>
    </ClInclude>
    <ClInclude Include="$(MSBuildThisFileDirectory)WindowSetting.h">
      <Filter>Patchs</Filter>
    </ClInclude>
    <ClInclude Include="$(MSBuildThisFileDirectory)Player.h">
      <Filter>Objects\Player</Filter>
    </ClInclude>
    <ClInclude Include="$(MSBuildThisFileDirectory)GraphNode.h">
      <Filter>Maru\Astar\GraphNode</Filter>
    </ClInclude>
    <ClInclude Include="$(MSBuildThisFileDirectory)GraphEdge.h">
      <Filter>Maru\Astar\GraphEdge</Filter>
    </ClInclude>
    <ClInclude Include="$(MSBuildThisFileDirectory)NavGraphNode.h">
      <Filter>Maru\Astar\GraphNode\NavGraphNode</Filter>
    </ClInclude>
    <ClInclude Include="$(MSBuildThisFileDirectory)SparseGraph.h">
      <Filter>Maru\Astar\SparseGraph</Filter>
    </ClInclude>
    <ClInclude Include="$(MSBuildThisFileDirectory)MaruStage.h">
      <Filter>Maru\TestStage</Filter>
    </ClInclude>
    <ClInclude Include="$(MSBuildThisFileDirectory)Heuristic.h">
      <Filter>Maru\Astar\Heuristic</Filter>
    </ClInclude>
    <ClInclude Include="$(MSBuildThisFileDirectory)GraphAstar.h">
      <Filter>Maru\Astar\GraphAstar</Filter>
    </ClInclude>
    <ClInclude Include="$(MSBuildThisFileDirectory)BaseEnemy.h">
      <Filter>Maru\Enemy\Component\Enemy</Filter>
    </ClInclude>
    <ClInclude Include="$(MSBuildThisFileDirectory)PlowlingMove.h">
      <Filter>Maru\Enemy\Component\PlowlingMove</Filter>
    </ClInclude>
    <ClInclude Include="$(MSBuildThisFileDirectory)AstarCtrl.h">
      <Filter>Maru\Enemy\AstarCtrl</Filter>
    </ClInclude>
    <ClInclude Include="$(MSBuildThisFileDirectory)DebugObject.h">
      <Filter>Maru\Object\DebugObject</Filter>
    </ClInclude>
    <ClInclude Include="$(MSBuildThisFileDirectory)PlayerInputer.h">
      <Filter>Itabashi\Inputs\PlayerInputer</Filter>
    </ClInclude>
    <ClInclude Include="$(MSBuildThisFileDirectory)PlayerObject.h">
      <Filter>Itabashi\PlayerObject</Filter>
    </ClInclude>
    <ClInclude Include="$(MSBuildThisFileDirectory)ItabashiStage.h">
      <Filter>Itabashi\Stage</Filter>
    </ClInclude>
    <ClInclude Include="$(MSBuildThisFileDirectory)MathHelper.h">
      <Filter>Patchs\Maths\MyMath</Filter>
    </ClInclude>
    <ClInclude Include="$(MSBuildThisFileDirectory)PlayerCameraObject.h">
      <Filter>Itabashi\PlayerCameraObject</Filter>
    </ClInclude>
    <ClInclude Include="$(MSBuildThisFileDirectory)PlayerMover.h">
      <Filter>Itabashi\Components\PlayerMover</Filter>
    </ClInclude>
    <ClInclude Include="$(MSBuildThisFileDirectory)PlayerFPSCameraMover.h">
      <Filter>Itabashi\Components\PlayerFPSCameraMover</Filter>
    </ClInclude>
    <ClInclude Include="$(MSBuildThisFileDirectory)NavGraphNode.h">
      <Filter>Maru\Astar\GraphNode\NavGraphNode</Filter>
    </ClInclude>
    <ClInclude Include="$(MSBuildThisFileDirectory)PlayerProvider.h">
      <Filter>Itabashi\Components\PlayerProvider</Filter>
    </ClInclude>
    <ClInclude Include="$(MSBuildThisFileDirectory)PlayerStanceManager.h">
      <Filter>Itabashi\Components\PlayerStanceManager</Filter>
    </ClInclude>
    <ClInclude Include="$(MSBuildThisFileDirectory)EnState_Plowling.h">
      <Filter>Maru\Enemy\EnemyStateMachine\EnState_Plowling</Filter>
    </ClInclude>
    <ClInclude Include="$(MSBuildThisFileDirectory)StateMachine.h">
      <Filter>Maru\StateMachine</Filter>
    </ClInclude>
    <ClInclude Include="$(MSBuildThisFileDirectory)EnState_TargetChase.h">
      <Filter>Maru\Enemy\EnemyStateMachine\EnState_TargetChase</Filter>
    </ClInclude>
    <ClInclude Include="$(MSBuildThisFileDirectory)TargetChase.h">
      <Filter>Maru\Enemy\Component\TargetChase</Filter>
    </ClInclude>
    <ClInclude Include="$(MSBuildThisFileDirectory)MyUtility.h">
      <Filter>Maru\MaruUthilyty\Utility</Filter>
    </ClInclude>
    <ClInclude Include="$(MSBuildThisFileDirectory)Mathf.h">
      <Filter>Maru\MaruUthilyty\Mathf</Filter>
    </ClInclude>
    <ClInclude Include="$(MSBuildThisFileDirectory)MTestEnemyObject.h">
      <Filter>Maru\Enemy\Object\MTestEnemyObject</Filter>
    </ClInclude>
    <ClInclude Include="$(MSBuildThisFileDirectory)SearchObject.h">
      <Filter>Maru\Enemy\Component\SearchObject</Filter>
    </ClInclude>
    <ClInclude Include="$(MSBuildThisFileDirectory)EyeSearchRange.h">
      <Filter>Maru\Enemy\Component\EyeSearchRange</Filter>
    </ClInclude>
    <ClInclude Include="$(MSBuildThisFileDirectory)MTestBox.h">
      <Filter>Maru\Object\MTestBox</Filter>
    </ClInclude>
    <ClInclude Include="$(MSBuildThisFileDirectory)I_Chase.h">
      <Filter>Maru\Enemy\Interface</Filter>
    </ClInclude>
    <ClInclude Include="$(MSBuildThisFileDirectory)MTestEnemy.h">
      <Filter>Maru\Enemy\Component\Enemy\TestEnemy\MTestEnemy</Filter>
    </ClInclude>
    <ClInclude Include="$(MSBuildThisFileDirectory)ChaseEnemy.h">
      <Filter>Maru\Enemy\Component\Enemy\TestEnemy\ChaseEnemy</Filter>
    </ClInclude>
    <ClInclude Include="$(MSBuildThisFileDirectory)ChaseEnemyObject.h">
      <Filter>Maru\Enemy\Object\ChanseEnemyObject</Filter>
    </ClInclude>
    <ClInclude Include="$(MSBuildThisFileDirectory)ReturnPlowlingPosition.h">
      <Filter>Maru\Enemy\Component\ReturnPlowlingPosition</Filter>
    </ClInclude>
    <ClInclude Include="$(MSBuildThisFileDirectory)EnState_LoseTarget.h">
      <Filter>Maru\Enemy\EnemyStateMachine\EnState_LoseTarget</Filter>
    </ClInclude>
  </ItemGroup>
  <ItemGroup>
    <ClCompile Include="$(MSBuildThisFileDirectory)ProjectShader.cpp">
      <Filter>Sources</Filter>
    </ClCompile>
    <ClCompile Include="$(MSBuildThisFileDirectory)Scene.cpp">
      <Filter>Sources</Filter>
    </ClCompile>
    <ClCompile Include="$(MSBuildThisFileDirectory)WinMain.cpp">
      <Filter>Sources</Filter>
    </ClCompile>
    <ClCompile Include="$(MSBuildThisFileDirectory)ProjectBehavior.cpp">
      <Filter>Sources</Filter>
    </ClCompile>
    <ClCompile Include="$(MSBuildThisFileDirectory)GameStage.cpp">
      <Filter>Stages\GameStage</Filter>
    </ClCompile>
    <ClCompile Include="$(MSBuildThisFileDirectory)InputHelper.cpp">
      <Filter>Patchs\Inputs\InputHelper</Filter>
    </ClCompile>
    <ClCompile Include="$(MSBuildThisFileDirectory)BasecrossInputer.cpp">
      <Filter>Patchs\Inputs\BasecrossInputer</Filter>
    </ClCompile>
    <ClCompile Include="$(MSBuildThisFileDirectory)ActionTimer.cpp">
      <Filter>Patchs\Utilitys\ActionTimer</Filter>
    </ClCompile>
    <ClCompile Include="$(MSBuildThisFileDirectory)UIHelper.cpp">
      <Filter>Patchs\basecross\UIHelper</Filter>
    </ClCompile>
    <ClCompile Include="$(MSBuildThisFileDirectory)Bezier.cpp">
      <Filter>Patchs\Maths\Bezier</Filter>
    </ClCompile>
    <ClCompile Include="$(MSBuildThisFileDirectory)BezierTransitioner.cpp">
      <Filter>Patchs\basecross\BezierTransitioner</Filter>
    </ClCompile>
    <ClCompile Include="$(MSBuildThisFileDirectory)Player.cpp">
      <Filter>Objects\Player</Filter>
    </ClCompile>
    <ClCompile Include="$(MSBuildThisFileDirectory)GraphNode.cpp">
      <Filter>Maru\Astar\GraphNode</Filter>
    </ClCompile>
    <ClCompile Include="$(MSBuildThisFileDirectory)GraphEdge.cpp">
      <Filter>Maru\Astar\GraphEdge</Filter>
    </ClCompile>
    <ClCompile Include="$(MSBuildThisFileDirectory)MaruStage.cpp">
      <Filter>Maru\TestStage</Filter>
    </ClCompile>
    <ClCompile Include="$(MSBuildThisFileDirectory)PlayerInputer.cpp">
      <Filter>Itabashi\Inputs\PlayerInputer</Filter>
    </ClCompile>
    <ClCompile Include="$(MSBuildThisFileDirectory)PlayerObject.cpp">
      <Filter>Itabashi\PlayerObject</Filter>
    </ClCompile>
    <ClCompile Include="$(MSBuildThisFileDirectory)ItabashiStage.cpp">
      <Filter>Itabashi\Stage</Filter>
    </ClCompile>
    <ClCompile Include="$(MSBuildThisFileDirectory)MathHelper.cpp">
      <Filter>Patchs\Maths\MyMath</Filter>
    </ClCompile>
    <ClCompile Include="$(MSBuildThisFileDirectory)PlayerCameraObject.cpp">
      <Filter>Itabashi\PlayerCameraObject</Filter>
    </ClCompile>
    <ClCompile Include="$(MSBuildThisFileDirectory)PlayerMover.cpp">
      <Filter>Itabashi\Components\PlayerMover</Filter>
    </ClCompile>
    <ClCompile Include="$(MSBuildThisFileDirectory)PlayerFPSCameraMover.cpp">
      <Filter>Itabashi\Components\PlayerFPSCameraMover</Filter>
    </ClCompile>
    <ClCompile Include="$(MSBuildThisFileDirectory)PlowlingMove.cpp">
      <Filter>Maru\Enemy\Component\PlowlingMove</Filter>
    </ClCompile>
    <ClCompile Include="$(MSBuildThisFileDirectory)Heuristic.cpp">
      <Filter>Maru\Astar\Heuristic</Filter>
    </ClCompile>
    <ClCompile Include="$(MSBuildThisFileDirectory)GraphAstar.cpp">
      <Filter>Maru\Astar\GraphAstar</Filter>
    </ClCompile>
    <ClCompile Include="$(MSBuildThisFileDirectory)AstarCtrl.cpp">
      <Filter>Maru\Enemy\AstarCtrl</Filter>
    </ClCompile>
    <ClCompile Include="$(MSBuildThisFileDirectory)DebugObject.cpp">
      <Filter>Maru\Object\DebugObject</Filter>
    </ClCompile>
    <ClCompile Include="$(MSBuildThisFileDirectory)EnState_Plowling.cpp">
      <Filter>Maru\Enemy\EnemyStateMachine\EnState_Plowling</Filter>
    </ClCompile>
    <ClCompile Include="$(MSBuildThisFileDirectory)BaseEnemy.cpp">
      <Filter>Maru\Enemy\Component\Enemy</Filter>
    </ClCompile>
    <ClCompile Include="$(MSBuildThisFileDirectory)EnState_TargetChase.cpp">
      <Filter>Maru\Enemy\EnemyStateMachine\EnState_TargetChase</Filter>
    </ClCompile>
    <ClCompile Include="$(MSBuildThisFileDirectory)TargetChase.cpp">
      <Filter>Maru\Enemy\Component\TargetChase</Filter>
    </ClCompile>
    <ClCompile Include="$(MSBuildThisFileDirectory)MyUtility.cpp">
      <Filter>Maru\MaruUthilyty\Utility</Filter>
    </ClCompile>
    <ClCompile Include="$(MSBuildThisFileDirectory)Mathf.cpp">
      <Filter>Maru\MaruUthilyty\Mathf</Filter>
    </ClCompile>
    <ClCompile Include="$(MSBuildThisFileDirectory)MTestEnemyObject.cpp">
      <Filter>Maru\Enemy\Object\MTestEnemyObject</Filter>
    </ClCompile>
    <ClCompile Include="$(MSBuildThisFileDirectory)SearchObject.cpp">
      <Filter>Maru\Enemy\Component\SearchObject</Filter>
    </ClCompile>
    <ClCompile Include="$(MSBuildThisFileDirectory)PlayerProvider.cpp">
      <Filter>Itabashi\Components\PlayerProvider</Filter>
    </ClCompile>
    <ClCompile Include="$(MSBuildThisFileDirectory)PlayerStanceManager.cpp">
      <Filter>Itabashi\Components\PlayerStanceManager</Filter>
    </ClCompile>
    <ClCompile Include="$(MSBuildThisFileDirectory)EyeSearchRange.cpp">
      <Filter>Maru\Enemy\Component\EyeSearchRange</Filter>
    </ClCompile>
    <ClCompile Include="$(MSBuildThisFileDirectory)MTestBox.cpp">
      <Filter>Maru\Object\MTestBox</Filter>
    </ClCompile>
    <ClCompile Include="$(MSBuildThisFileDirectory)MTestEnemy.cpp">
      <Filter>Maru\Enemy\Component\Enemy\TestEnemy\MTestEnemy</Filter>
    </ClCompile>
    <ClCompile Include="$(MSBuildThisFileDirectory)ChaseEnemy.cpp">
      <Filter>Maru\Enemy\Component\Enemy\TestEnemy\ChaseEnemy</Filter>
    </ClCompile>
    <ClCompile Include="$(MSBuildThisFileDirectory)ChaseEnemyObject.cpp">
      <Filter>Maru\Enemy\Object\ChanseEnemyObject</Filter>
    </ClCompile>
    <ClCompile Include="$(MSBuildThisFileDirectory)EnState_LoseTarget.cpp">
      <Filter>Maru\Enemy\EnemyStateMachine\EnState_LoseTarget</Filter>
    </ClCompile>
    <ClCompile Include="$(MSBuildThisFileDirectory)ReturnPlowlingPosition.cpp">
      <Filter>Maru\Enemy\Component\ReturnPlowlingPosition</Filter>
    </ClCompile>
  </ItemGroup>
</Project>