<?xml version="1.0" encoding="utf-8"?>
<Project ToolsVersion="4.0" xmlns="http://schemas.microsoft.com/developer/msbuild/2003">
  <ItemGroup>
    <Filter Include="Headers">
      <UniqueIdentifier>{4b0a624a-610d-4bc6-b311-2b02a781cdf9}</UniqueIdentifier>
    </Filter>
    <Filter Include="Sources">
      <UniqueIdentifier>{96692d2a-8790-41a9-bfac-6c5662d4ad61}</UniqueIdentifier>
    </Filter>
    <Filter Include="Objects">
      <UniqueIdentifier>{2c12e06e-d950-411e-8b3b-973e2fba8a2e}</UniqueIdentifier>
    </Filter>
    <Filter Include="Components">
      <UniqueIdentifier>{0a16c94b-80da-495c-a4eb-fa9d852f3155}</UniqueIdentifier>
    </Filter>
    <Filter Include="Patchs">
      <UniqueIdentifier>{b1697eed-9908-4826-a43e-fc6bdeafc6d6}</UniqueIdentifier>
    </Filter>
    <Filter Include="Patchs\Inputs">
      <UniqueIdentifier>{8ea8304f-7d85-4729-b7b5-7be5259c8157}</UniqueIdentifier>
    </Filter>
    <Filter Include="Patchs\Utilitys">
      <UniqueIdentifier>{9f290e5f-5ed5-4847-a9b1-b069ae6c90b8}</UniqueIdentifier>
    </Filter>
    <Filter Include="Patchs\Inputs\InputHelper">
      <UniqueIdentifier>{6034174d-3bde-4479-ae15-dd94addc6417}</UniqueIdentifier>
    </Filter>
    <Filter Include="Patchs\Utilitys\DelegateSystem">
      <UniqueIdentifier>{2c9342b7-cf30-4d49-bdfe-bbb26702b974}</UniqueIdentifier>
    </Filter>
    <Filter Include="Patchs\Inputs\BasecrossInputer">
      <UniqueIdentifier>{5a57cec0-049e-4985-96f2-7ddd9088504a}</UniqueIdentifier>
    </Filter>
    <Filter Include="Patchs\basecross">
      <UniqueIdentifier>{bb695e37-2514-4694-bf85-ab9b2c3717ca}</UniqueIdentifier>
    </Filter>
    <Filter Include="Patchs\Utilitys\ActionTimer">
      <UniqueIdentifier>{cf684c3b-b1b7-4fca-ab0a-047c882a933b}</UniqueIdentifier>
    </Filter>
    <Filter Include="Patchs\basecross\UIHelper">
      <UniqueIdentifier>{c21e1771-31e4-4beb-b470-3489478cdabb}</UniqueIdentifier>
    </Filter>
    <Filter Include="Patchs\Utilitys\ex_weak_ptr">
      <UniqueIdentifier>{c1dea5a4-1867-4a7c-9eb9-38af1ae3e5b6}</UniqueIdentifier>
    </Filter>
    <Filter Include="Patchs\basecross\BezierTransitioner">
      <UniqueIdentifier>{67091211-fc35-4bf9-b7e4-25bf77668c2e}</UniqueIdentifier>
    </Filter>
    <Filter Include="Patchs\Maths">
      <UniqueIdentifier>{96c4f73f-ab43-4bee-85e0-0dbfede4fea8}</UniqueIdentifier>
    </Filter>
    <Filter Include="Patchs\Maths\Bezier">
      <UniqueIdentifier>{f70e135d-2359-44a1-a195-57b7670dc925}</UniqueIdentifier>
    </Filter>
    <Filter Include="Objects\Player">
      <UniqueIdentifier>{ab924e83-5c70-4a49-8885-1bda3f61f46a}</UniqueIdentifier>
    </Filter>
    <Filter Include="Stages">
      <UniqueIdentifier>{3193fbb8-f073-4421-b1e5-ded3011f2184}</UniqueIdentifier>
    </Filter>
    <Filter Include="Stages\GameStage">
      <UniqueIdentifier>{997c51af-c47c-47d7-90b3-b958dc709dd9}</UniqueIdentifier>
    </Filter>
    <Filter Include="Maru">
      <UniqueIdentifier>{d3af788f-c0c9-4122-9ab8-27d30e05e62e}</UniqueIdentifier>
    </Filter>
    <Filter Include="Maru\Astar">
      <UniqueIdentifier>{ceb38311-a939-4f54-914d-4553ac69e531}</UniqueIdentifier>
    </Filter>
    <Filter Include="Maru\Astar\GraphNode">
      <UniqueIdentifier>{fd7ddc07-2b43-4996-903e-2df1a49d9fbf}</UniqueIdentifier>
    </Filter>
    <Filter Include="Maru\Astar\GraphEdge">
      <UniqueIdentifier>{5c3cd9e0-b287-4aee-b098-24bcdd6fd7af}</UniqueIdentifier>
    </Filter>
    <Filter Include="Maru\Astar\GraphNode\NavGraphNode">
      <UniqueIdentifier>{0127342d-7a04-425a-a63e-dd2a8650a656}</UniqueIdentifier>
    </Filter>
    <Filter Include="Maru\Astar\SparseGraph">
      <UniqueIdentifier>{146890ae-e14b-4f42-b16f-b1c8e8b6d6d6}</UniqueIdentifier>
    </Filter>
    <Filter Include="Maru\TestStage">
      <UniqueIdentifier>{84e15fa2-dc3d-46bd-a2e2-6b680dbee1e2}</UniqueIdentifier>
    </Filter>
    <Filter Include="Maru\Enemy">
      <UniqueIdentifier>{df70e2e6-5712-4e19-9882-f83cbd767c0b}</UniqueIdentifier>
    </Filter>
    <Filter Include="Itabashi">
      <UniqueIdentifier>{31a41ec9-3d62-4d81-a7c6-789613bc9ee8}</UniqueIdentifier>
    </Filter>
    <Filter Include="Itabashi\Inputs">
      <UniqueIdentifier>{b66039da-1cf4-4712-8b67-266fd2b8b139}</UniqueIdentifier>
    </Filter>
    <Filter Include="Itabashi\Inputs\PlayerInputer">
      <UniqueIdentifier>{b403c781-feea-4210-ae15-8248516a5e84}</UniqueIdentifier>
    </Filter>
    <Filter Include="Itabashi\PlayerObject">
      <UniqueIdentifier>{122d87cd-c1bf-4518-8c04-83d5028304f4}</UniqueIdentifier>
    </Filter>
    <Filter Include="Itabashi\Stage">
      <UniqueIdentifier>{cea4f9bd-46bd-4295-b7a5-2795e5fa44f9}</UniqueIdentifier>
    </Filter>
    <Filter Include="Itabashi\PlayerCameraObject">
      <UniqueIdentifier>{621fd597-b413-47d9-bdb3-df9a993dff9f}</UniqueIdentifier>
    </Filter>
    <Filter Include="Patchs\Maths\MyMath">
      <UniqueIdentifier>{b5b99c72-316b-47bf-89cc-86ccf6366663}</UniqueIdentifier>
    </Filter>
    <Filter Include="Itabashi\Components">
      <UniqueIdentifier>{96229e58-db65-4675-8bfc-58bd13ab03b9}</UniqueIdentifier>
    </Filter>
    <Filter Include="Maru\Enemy\Object">
      <UniqueIdentifier>{4965dc1f-7a8c-4767-b962-af79a521793d}</UniqueIdentifier>
    </Filter>
    <Filter Include="Maru\Astar\Heuristic">
      <UniqueIdentifier>{84fe0058-3e9b-4ce8-8dd8-aebbe9290e97}</UniqueIdentifier>
    </Filter>
    <Filter Include="Maru\Astar\GraphAstar">
      <UniqueIdentifier>{104f405c-f970-4d1a-a158-badb80056fa2}</UniqueIdentifier>
    </Filter>
    <Filter Include="Maru\Enemy\Component">
      <UniqueIdentifier>{bd7b30f6-fffc-4b3a-a4bc-c06e624a3bfe}</UniqueIdentifier>
    </Filter>
    <Filter Include="Maru\Enemy\Component\Enemy">
      <UniqueIdentifier>{48186e4c-0c09-4d6f-aaf2-887440318ea5}</UniqueIdentifier>
    </Filter>
    <Filter Include="Maru\Enemy\Component\Enemy\TestEnemy">
      <UniqueIdentifier>{96a6c5a0-c6ba-4bc6-9cc8-8c8118a05b56}</UniqueIdentifier>
    </Filter>
    <Filter Include="Maru\StateMachine">
      <UniqueIdentifier>{202a3964-3764-46d9-a6ae-c53493ab2e4b}</UniqueIdentifier>
    </Filter>
    <Filter Include="Maru\Enemy\EnemyStateMachine">
      <UniqueIdentifier>{30be2354-38be-413d-82d9-8eef988daf03}</UniqueIdentifier>
    </Filter>
    <Filter Include="Maru\Enemy\EnemyStateMachine\EnState_Plowling">
      <UniqueIdentifier>{7894883d-bc8a-4d57-a199-3808bcd13059}</UniqueIdentifier>
    </Filter>
    <Filter Include="Maru\Enemy\EnemyStateMachine\EnState_TargetChase">
      <UniqueIdentifier>{7db85269-b982-4a48-be11-fa0af18d0837}</UniqueIdentifier>
    </Filter>
    <Filter Include="Maru\Enemy\AstarCtrl">
      <UniqueIdentifier>{619b9cef-dde1-407a-8e2d-b518d807d726}</UniqueIdentifier>
    </Filter>
    <Filter Include="Maru\MaruUthilyty">
      <UniqueIdentifier>{a281861c-c082-4f38-bc6e-1fd232c5d920}</UniqueIdentifier>
    </Filter>
    <Filter Include="Maru\MaruUthilyty\Utility">
      <UniqueIdentifier>{3e566ccb-e4c8-4a7d-b275-cbf7e4c0b54c}</UniqueIdentifier>
    </Filter>
    <Filter Include="Maru\MaruUthilyty\Mathf">
      <UniqueIdentifier>{5cdbb210-e021-43b7-a88c-13aeb2e8acdb}</UniqueIdentifier>
    </Filter>
    <Filter Include="Maru\Enemy\Object\MTestEnemyObject">
      <UniqueIdentifier>{234102e7-b5d5-4c6e-9457-2768e8495afb}</UniqueIdentifier>
    </Filter>
    <Filter Include="Maru\Object">
      <UniqueIdentifier>{451988c1-f723-4865-9b61-9d5c2c71a59a}</UniqueIdentifier>
    </Filter>
    <Filter Include="Maru\Enemy\Component\SearchObject">
      <UniqueIdentifier>{e210bef0-fb93-4346-bc62-7a7593147774}</UniqueIdentifier>
    </Filter>
    <Filter Include="Patchs\basecross\AnimationHelper">
      <UniqueIdentifier>{191983ec-ad4b-4765-8bc5-2e9d2990aa36}</UniqueIdentifier>
    </Filter>
    <Filter Include="Patchs\Utilitys\Trigger">
      <UniqueIdentifier>{5e8dd015-1809-4106-8b2a-df6afb375d1a}</UniqueIdentifier>
    </Filter>
    <Filter Include="Itabashi\GaugeUI">
      <UniqueIdentifier>{226ce1f6-aff7-48d8-9b20-d3a2134891e9}</UniqueIdentifier>
    </Filter>
    <Filter Include="Itabashi\Components\GaugeManager">
      <UniqueIdentifier>{9385c7cc-b6c2-4b77-9def-59f85a2472f4}</UniqueIdentifier>
    </Filter>
    <Filter Include="Itabashi\Components\EatenComponent">
      <UniqueIdentifier>{8ac77ee5-1f6a-4684-b36a-bfba6e37a0d6}</UniqueIdentifier>
    </Filter>
    <Filter Include="Itabashi\TestEatenObject">
      <UniqueIdentifier>{26d84d4b-d0fc-478a-aceb-54a1fa6886d3}</UniqueIdentifier>
    </Filter>
    <Filter Include="Itabashi\Components\PlayerComponent">
      <UniqueIdentifier>{37af5101-91d8-4b3c-ab7a-c88c9293018b}</UniqueIdentifier>
    </Filter>
    <Filter Include="Itabashi\Components\PlayerComponent\PlayerWeightManager">
      <UniqueIdentifier>{10cc3f75-7267-418f-8bc0-c66918a2cb82}</UniqueIdentifier>
    </Filter>
    <Filter Include="Itabashi\Components\PlayerComponent\PlayerFPSCameraMover">
      <UniqueIdentifier>{408746b2-719d-414c-ad20-7cfe1b712910}</UniqueIdentifier>
    </Filter>
    <Filter Include="Itabashi\Components\PlayerComponent\PlayerMover">
      <UniqueIdentifier>{6b09f635-c8fe-4c47-b242-20074a4dd0ac}</UniqueIdentifier>
    </Filter>
    <Filter Include="Itabashi\Components\PlayerComponent\PlayerProvider">
      <UniqueIdentifier>{8d9fdd75-e194-4459-a196-1be9e6115ea1}</UniqueIdentifier>
    </Filter>
    <Filter Include="Itabashi\Components\PlayerComponent\PlayerStanceManager">
      <UniqueIdentifier>{a03a8fe2-75c8-4c83-aee6-15e4348355dc}</UniqueIdentifier>
    </Filter>
    <Filter Include="Itabashi\Components\PlayerComponent\PlayerEatManager">
      <UniqueIdentifier>{780ec6bb-176c-4eb3-8208-8ce79fc3edbc}</UniqueIdentifier>
    </Filter>
    <Filter Include="Itabashi\Components\HiddenComponent">
      <UniqueIdentifier>{dd94de25-d022-469d-a4fd-625f797c3cc9}</UniqueIdentifier>
    </Filter>
    <Filter Include="Itabashi\Components\PlayerComponent\PlayerHideManager">
      <UniqueIdentifier>{e26851cd-a627-4420-b1e5-ba41e94e4a27}</UniqueIdentifier>
    </Filter>
    <Filter Include="Maru\Enemy\Component\EyeSearchRange">
      <UniqueIdentifier>{083cfdae-c473-41a5-98d2-ff26503ac754}</UniqueIdentifier>
    </Filter>
    <Filter Include="Maru\Object\DebugObject">
      <UniqueIdentifier>{15ff17ff-1e78-4c4b-aaa5-ddd5c72f7273}</UniqueIdentifier>
    </Filter>
    <Filter Include="Maru\Object\MTestBox">
      <UniqueIdentifier>{6ec58966-bcc1-4196-bcf3-6452684b1bc1}</UniqueIdentifier>
    </Filter>
    <Filter Include="Maru\Enemy\Interface">
      <UniqueIdentifier>{cda808ac-7333-4a65-869f-8e3b52f0a912}</UniqueIdentifier>
    </Filter>
    <Filter Include="Maru\Enemy\Component\Enemy\TestEnemy\MTestEnemy">
      <UniqueIdentifier>{6fa8d1fc-8017-493f-96a5-f615073e46b8}</UniqueIdentifier>
    </Filter>
    <Filter Include="Maru\Enemy\Component\Enemy\TestEnemy\ChaseEnemy">
      <UniqueIdentifier>{27298ef4-23a5-4de1-8471-a2b2ed8b80f1}</UniqueIdentifier>
    </Filter>
    <Filter Include="Maru\Enemy\Object\ChanseEnemyObject">
      <UniqueIdentifier>{da132fd0-57ce-43c0-a5bd-44d58c1920bc}</UniqueIdentifier>
    </Filter>
    <Filter Include="Maru\Enemy\EnemyStateMachine\EnState_LoseTarget">
      <UniqueIdentifier>{38673ace-c935-404f-825e-1acd87cfdb1d}</UniqueIdentifier>
    </Filter>
    <Filter Include="Maru\Enemy\Component\Ear">
      <UniqueIdentifier>{512a1033-4caf-4eaa-a1a4-f62ce8edd034}</UniqueIdentifier>
    </Filter>
    <Filter Include="Maru\Enemy\Component\Ear\EnemyEar">
      <UniqueIdentifier>{931de1dc-8099-4f7d-b8ec-a8aa69ad1bd6}</UniqueIdentifier>
    </Filter>
    <Filter Include="Maru\Enemy\Component\Rotation">
      <UniqueIdentifier>{e3a154b2-e36b-4812-88cb-71078d93e4ad}</UniqueIdentifier>
    </Filter>
    <Filter Include="Maru\Enemy\Component\Rotation\EnemyRotationCtrl">
      <UniqueIdentifier>{9fbe970b-6b8e-429c-b8c2-12115e77b393}</UniqueIdentifier>
    </Filter>
    <Filter Include="Maru\TestStage\MaruStage">
      <UniqueIdentifier>{46da6908-d87d-40c1-975b-8dc5fc350493}</UniqueIdentifier>
    </Filter>
    <Filter Include="Maru\TestStage\MargeTestStage">
      <UniqueIdentifier>{e7601cfc-f04e-4bc4-a7eb-05cd32530f9f}</UniqueIdentifier>
    </Filter>
    <Filter Include="Maru\Load">
      <UniqueIdentifier>{9fb80dcc-85b3-49a5-aa9b-87b2cc6fbb55}</UniqueIdentifier>
    </Filter>
    <Filter Include="Maru\Load\StageMapCSV">
      <UniqueIdentifier>{a015ffb2-867e-4c24-85f2-7a276b7d3a73}</UniqueIdentifier>
    </Filter>
    <Filter Include="Maru\Load\LoadData">
      <UniqueIdentifier>{908301d4-868c-4d06-86a0-1e6497273278}</UniqueIdentifier>
    </Filter>
    <Filter Include="Maru\Object\StageObject">
      <UniqueIdentifier>{de33f592-1885-4ec9-bb29-057927443be4}</UniqueIdentifier>
    </Filter>
    <Filter Include="Maru\Object\StageObject\FixedBox">
      <UniqueIdentifier>{35fdc128-596b-45dd-bb60-1654bd411ae5}</UniqueIdentifier>
    </Filter>
    <Filter Include="Maru\Object\StageObject\ResetStageObj">
      <UniqueIdentifier>{1c17f5c4-88a4-4001-9529-230feb9f2645}</UniqueIdentifier>
    </Filter>
    <Filter Include="Itabashi\Components\ChoicesComponentBase">
      <UniqueIdentifier>{5d076e82-eb11-4b6d-9705-3c13cb8608bf}</UniqueIdentifier>
    </Filter>
    <Filter Include="Itabashi\Components\PlayerComponent\PlayerChoicesManager">
      <UniqueIdentifier>{c658f843-68d4-430f-8644-31b798280a9d}</UniqueIdentifier>
    </Filter>
    <Filter Include="Patchs\basecross\FontHelper">
      <UniqueIdentifier>{b6bd7621-e1db-4857-ab71-483538a88a18}</UniqueIdentifier>
    </Filter>
    <Filter Include="Itabashi\Components\SpringArmComponent">
      <UniqueIdentifier>{b7728277-2750-4c09-ad71-97bc68513459}</UniqueIdentifier>
    </Filter>
    <Filter Include="Itabashi\Components\PlayerComponent\PlayerCameraMover">
      <UniqueIdentifier>{49947647-46fa-4511-9780-06dc0ee6f139}</UniqueIdentifier>
    </Filter>
    <Filter Include="Itabashi\Components\ForwardLocckAtCameraComponent">
      <UniqueIdentifier>{5ca269cd-5248-4e3b-9cbc-a54ddc62e7c9}</UniqueIdentifier>
    </Filter>
    <Filter Include="Itabashi\Components\ChasingTarget">
      <UniqueIdentifier>{627eaf7f-f97a-4535-a265-5e282376da85}</UniqueIdentifier>
    </Filter>
    <Filter Include="Patchs\basecross\SoundHelper">
      <UniqueIdentifier>{f5bbe75a-cb84-4676-bc41-e38356472fec}</UniqueIdentifier>
    </Filter>
    <Filter Include="Itabashi\Settings">
      <UniqueIdentifier>{97cf6a29-64fa-43b1-aa19-385adbf04a1e}</UniqueIdentifier>
    </Filter>
    <Filter Include="Itabashi\Settings\SoundSetting">
      <UniqueIdentifier>{eb10112b-920a-428a-b852-285e5492db1f}</UniqueIdentifier>
    </Filter>
    <Filter Include="Maru\MaruUthilyty\PositionDrawComp">
      <UniqueIdentifier>{ff6d4292-e1ac-4275-ba4e-9e3845080071}</UniqueIdentifier>
    </Filter>
    <Filter Include="Maru\Enemy\Object\EscapeEnemyObject">
      <UniqueIdentifier>{95b69695-6656-425d-929d-25b299a4129b}</UniqueIdentifier>
    </Filter>
    <Filter Include="Maru\Enemy\Component\Enemy\TestEnemy\EscapeEnemy">
      <UniqueIdentifier>{5b40025a-023b-40b2-a51a-b0f29012e380}</UniqueIdentifier>
    </Filter>
    <Filter Include="Maru\Enemy\AstarCtrl\CalucEscapeRoute">
      <UniqueIdentifier>{83bd686a-1912-474b-b5d5-427224540019}</UniqueIdentifier>
    </Filter>
    <Filter Include="Maru\Astar\GraphAstar\UtilityAstar">
      <UniqueIdentifier>{f741759d-93b9-4df0-a1b3-002c0cad64c1}</UniqueIdentifier>
    </Filter>
    <Filter Include="Maru\Enemy\EnemyStateMachine\EnState_EscapeMove">
      <UniqueIdentifier>{1ed975ae-d20b-413e-8ce3-2335c25c2b3b}</UniqueIdentifier>
    </Filter>
    <Filter Include="Maru\Enemy\EnemyStateMachine\EnState_Attack">
      <UniqueIdentifier>{3c045221-de29-4373-a2f1-b600ce491e9a}</UniqueIdentifier>
    </Filter>
    <Filter Include="Maru\Enemy\Component\Attack">
      <UniqueIdentifier>{a2671add-9fcd-478b-bfe4-485f41fc8dd3}</UniqueIdentifier>
    </Filter>
    <Filter Include="Maru\Enemy\Component\Attack\HnadyAttack">
      <UniqueIdentifier>{02c95907-acb8-4c2b-8442-3ae86e618c06}</UniqueIdentifier>
    </Filter>
    <Filter Include="Maru\Enemy\Component\Attack\HnadyAttack\ThrowCtrl">
      <UniqueIdentifier>{f0a9c033-2da6-4e6d-a1b8-38ae5154a275}</UniqueIdentifier>
    </Filter>
    <Filter Include="Maru\Object\ThrowObject">
      <UniqueIdentifier>{2fe2b2d4-c314-4dea-be1c-1d4c6923fbe0}</UniqueIdentifier>
    </Filter>
    <Filter Include="Maru\Component">
      <UniqueIdentifier>{4f0f8c7d-015e-4338-9c20-71131f640a73}</UniqueIdentifier>
    </Filter>
    <Filter Include="Maru\Component\Velocity">
      <UniqueIdentifier>{bc53e95f-7320-45aa-a1fb-dabc1be79af5}</UniqueIdentifier>
    </Filter>
    <Filter Include="Maru\Object\ThrowObject\ThromHandyObject">
      <UniqueIdentifier>{f60144bf-f785-4f55-8fff-09c290822a71}</UniqueIdentifier>
    </Filter>
    <Filter Include="Maru\Enemy\Component\Attack\HnadyAttack\ThrowObjectCtrl">
      <UniqueIdentifier>{f992700f-b08c-4794-9070-d5fb9bf62bda}</UniqueIdentifier>
    </Filter>
    <Filter Include="Maru\Enemy\Component\Move">
      <UniqueIdentifier>{48a5e2ce-a2ac-49d0-b97d-6351e10ac6f6}</UniqueIdentifier>
    </Filter>
    <Filter Include="Maru\Enemy\Component\Move\ReturnPlowlingPosition">
      <UniqueIdentifier>{a67ad3bd-77c5-4e45-9358-e443b571f866}</UniqueIdentifier>
    </Filter>
    <Filter Include="Maru\Enemy\Component\Move\PlowlingMove">
      <UniqueIdentifier>{e8f8eace-7e18-486f-8e88-e004d33087ef}</UniqueIdentifier>
    </Filter>
    <Filter Include="Maru\Enemy\Component\Move\TargetEscape">
      <UniqueIdentifier>{101dd930-b7b6-457d-8928-9b36e128f12e}</UniqueIdentifier>
    </Filter>
    <Filter Include="Maru\Enemy\Component\Move\TargetChase">
      <UniqueIdentifier>{88435333-0cf8-4c34-aca3-f1aa1e4c23bb}</UniqueIdentifier>
    </Filter>
    <Filter Include="Maru\Component\Velocity\UtilVelocity">
      <UniqueIdentifier>{4a9494ff-e5c8-4fb6-9dea-206bbfa0ca64}</UniqueIdentifier>
    </Filter>
    <Filter Include="Maru\Enemy\EnemyStateMachine\EnState_ProbeTarget">
      <UniqueIdentifier>{f35c0b0d-3412-4df4-b51d-e3f3767fcc48}</UniqueIdentifier>
    </Filter>
    <Filter Include="Maru\Enemy\Component\Move\TargetProbe">
      <UniqueIdentifier>{a46d04c4-93af-4287-b6e5-4d9d149a5eda}</UniqueIdentifier>
    </Filter>
    <Filter Include="Maru\Enemy\Component\Move\TargetProbe\ProbeTargetMove">
      <UniqueIdentifier>{1a70eff2-f7f3-4e15-bf10-9666fbbfb031}</UniqueIdentifier>
    </Filter>
    <Filter Include="Maru\Component\Velocity\BaseUseVelocity">
      <UniqueIdentifier>{b98cc198-7278-4d92-ade9-8b06f9526747}</UniqueIdentifier>
    </Filter>
    <Filter Include="Maru\Light">
      <UniqueIdentifier>{43a7c77d-aa65-4ab5-a116-98056e820485}</UniqueIdentifier>
    </Filter>
    <Filter Include="Maru\Light\PointLight">
      <UniqueIdentifier>{bcc5dfbb-1002-4262-bd2b-73c63b1d3e8e}</UniqueIdentifier>
    </Filter>
    <Filter Include="Maru\Light\PNTPointDraw">
      <UniqueIdentifier>{96890631-c7a9-4d22-938b-39893d03e85e}</UniqueIdentifier>
    </Filter>
    <Filter Include="Maru\Light\MyShader">
      <UniqueIdentifier>{5a6b88eb-ae18-4b8e-aa98-bcb0184e3b6d}</UniqueIdentifier>
    </Filter>
    <Filter Include="Maru\Component\Gimmick">
      <UniqueIdentifier>{d76e2c6d-036c-4c5c-93ab-48e9ff4e14f0}</UniqueIdentifier>
    </Filter>
    <Filter Include="Maru\Component\Gimmick\SoundCookie">
      <UniqueIdentifier>{90f5726d-dd0f-4065-bf25-72e8c98a8222}</UniqueIdentifier>
    </Filter>
    <Filter Include="Maru\Enemy\Component\Move\AstarPlowlingMove">
      <UniqueIdentifier>{84501501-e66b-491b-a329-f69def7541cc}</UniqueIdentifier>
    </Filter>
    <Filter Include="Maru\Enemy\EnemyStateMachine\EnState_CheckSoundPos">
      <UniqueIdentifier>{9e76bf1d-16d0-4a15-aee8-ba7f96b8accd}</UniqueIdentifier>
    </Filter>
    <Filter Include="Maru\Enemy\Component\Move\CheckTargetPos">
      <UniqueIdentifier>{c366ed37-32c4-49fd-967f-a62afb802e6f}</UniqueIdentifier>
    </Filter>
    <Filter Include="Maru\Object\Gimmick">
      <UniqueIdentifier>{8e099c23-528b-4661-92f7-9a32ef333e8f}</UniqueIdentifier>
    </Filter>
    <Filter Include="Maru\Object\Gimmick\SoundCookieObject">
      <UniqueIdentifier>{21bb52dc-3dcf-4167-9ac5-79197cf3d9d3}</UniqueIdentifier>
    </Filter>
    <Filter Include="Maru\Component\Gimmick\CrackCookie">
      <UniqueIdentifier>{47bc8ffc-20d6-4e10-a1bf-1f00f8bdaa45}</UniqueIdentifier>
    </Filter>
    <Filter Include="Maru\Object\Gimmick\CrackCookieObject">
      <UniqueIdentifier>{ec74ff34-a5b3-4ac2-9b91-92a0b95ec260}</UniqueIdentifier>
    </Filter>
    <Filter Include="Maru\Component\MiniGame">
      <UniqueIdentifier>{3683de24-d94c-4cdc-8891-c9f8d629a9f5}</UniqueIdentifier>
    </Filter>
    <Filter Include="Maru\Component\MiniGame\FlameMatch">
      <UniqueIdentifier>{5549dfe7-4fa2-4efc-add5-088683c2c0b9}</UniqueIdentifier>
    </Filter>
    <Filter Include="Maru\TestStage\TitleStage">
      <UniqueIdentifier>{08487bd2-6746-48a7-97a3-0e2593b6b12f}</UniqueIdentifier>
    </Filter>
  </ItemGroup>
  <ItemGroup>
    <ClInclude Include="$(MSBuildThisFileDirectory)Project.h">
      <Filter>Headers</Filter>
    </ClInclude>
    <ClInclude Include="$(MSBuildThisFileDirectory)ProjectShader.h">
      <Filter>Headers</Filter>
    </ClInclude>
    <ClInclude Include="$(MSBuildThisFileDirectory)Scene.h">
      <Filter>Headers</Filter>
    </ClInclude>
    <ClInclude Include="$(MSBuildThisFileDirectory)ProjectBehavior.h">
      <Filter>Headers</Filter>
    </ClInclude>
    <ClInclude Include="$(MSBuildThisFileDirectory)GameStage.h">
      <Filter>Stages\GameStage</Filter>
    </ClInclude>
    <ClInclude Include="$(MSBuildThisFileDirectory)InputHelper.h">
      <Filter>Patchs\Inputs\InputHelper</Filter>
    </ClInclude>
    <ClInclude Include="$(MSBuildThisFileDirectory)DelegateSystem.h">
      <Filter>Patchs\Utilitys\DelegateSystem</Filter>
    </ClInclude>
    <ClInclude Include="$(MSBuildThisFileDirectory)BasecrossInputer.h">
      <Filter>Patchs\Inputs\BasecrossInputer</Filter>
    </ClInclude>
    <ClInclude Include="$(MSBuildThisFileDirectory)ActionTimer.h">
      <Filter>Patchs\Utilitys\ActionTimer</Filter>
    </ClInclude>
    <ClInclude Include="$(MSBuildThisFileDirectory)UIHelper.h">
      <Filter>Patchs\basecross\UIHelper</Filter>
    </ClInclude>
    <ClInclude Include="$(MSBuildThisFileDirectory)ex_weak_ptr.h">
      <Filter>Patchs\Utilitys\ex_weak_ptr</Filter>
    </ClInclude>
    <ClInclude Include="$(MSBuildThisFileDirectory)Bezier.h">
      <Filter>Patchs\Maths\Bezier</Filter>
    </ClInclude>
    <ClInclude Include="$(MSBuildThisFileDirectory)BezierTransitioner.h">
      <Filter>Patchs\basecross\BezierTransitioner</Filter>
    </ClInclude>
    <ClInclude Include="$(MSBuildThisFileDirectory)WindowSetting.h">
      <Filter>Patchs</Filter>
    </ClInclude>
    <ClInclude Include="$(MSBuildThisFileDirectory)Player.h">
      <Filter>Objects\Player</Filter>
    </ClInclude>
    <ClInclude Include="$(MSBuildThisFileDirectory)GraphNode.h">
      <Filter>Maru\Astar\GraphNode</Filter>
    </ClInclude>
    <ClInclude Include="$(MSBuildThisFileDirectory)GraphEdge.h">
      <Filter>Maru\Astar\GraphEdge</Filter>
    </ClInclude>
    <ClInclude Include="$(MSBuildThisFileDirectory)NavGraphNode.h">
      <Filter>Maru\Astar\GraphNode\NavGraphNode</Filter>
    </ClInclude>
    <ClInclude Include="$(MSBuildThisFileDirectory)SparseGraph.h">
      <Filter>Maru\Astar\SparseGraph</Filter>
    </ClInclude>
    <ClInclude Include="$(MSBuildThisFileDirectory)Heuristic.h">
      <Filter>Maru\Astar\Heuristic</Filter>
    </ClInclude>
    <ClInclude Include="$(MSBuildThisFileDirectory)GraphAstar.h">
      <Filter>Maru\Astar\GraphAstar</Filter>
    </ClInclude>
    <ClInclude Include="$(MSBuildThisFileDirectory)BaseEnemy.h">
      <Filter>Maru\Enemy\Component\Enemy</Filter>
    </ClInclude>
    <ClInclude Include="$(MSBuildThisFileDirectory)PlowlingMove.h">
      <Filter>Maru\Enemy\Component\Move\PlowlingMove</Filter>
    </ClInclude>
    <ClInclude Include="$(MSBuildThisFileDirectory)AstarCtrl.h">
      <Filter>Maru\Enemy\AstarCtrl</Filter>
    </ClInclude>
    <ClInclude Include="$(MSBuildThisFileDirectory)DebugObject.h">
      <Filter>Maru\Object\DebugObject</Filter>
    </ClInclude>
    <ClInclude Include="$(MSBuildThisFileDirectory)PlayerInputer.h">
      <Filter>Itabashi\Inputs\PlayerInputer</Filter>
    </ClInclude>
    <ClInclude Include="$(MSBuildThisFileDirectory)PlayerObject.h">
      <Filter>Itabashi\PlayerObject</Filter>
    </ClInclude>
    <ClInclude Include="$(MSBuildThisFileDirectory)ItabashiStage.h">
      <Filter>Itabashi\Stage</Filter>
    </ClInclude>
    <ClInclude Include="$(MSBuildThisFileDirectory)MathHelper.h">
      <Filter>Patchs\Maths\MyMath</Filter>
    </ClInclude>
    <ClInclude Include="$(MSBuildThisFileDirectory)PlayerCameraObject.h">
      <Filter>Itabashi\PlayerCameraObject</Filter>
    </ClInclude>
    <ClInclude Include="$(MSBuildThisFileDirectory)PlayerMover.h">
      <Filter>Itabashi\Components\PlayerComponent\PlayerMover</Filter>
    </ClInclude>
    <ClInclude Include="$(MSBuildThisFileDirectory)PlayerFPSCameraMover.h">
      <Filter>Itabashi\Components\PlayerComponent\PlayerFPSCameraMover</Filter>
    </ClInclude>
    <ClInclude Include="$(MSBuildThisFileDirectory)NavGraphNode.h">
      <Filter>Maru\Astar\GraphNode\NavGraphNode</Filter>
    </ClInclude>
    <ClInclude Include="$(MSBuildThisFileDirectory)PlayerProvider.h">
      <Filter>Itabashi\Components\PlayerComponent\PlayerProvider</Filter>
    </ClInclude>
    <ClInclude Include="$(MSBuildThisFileDirectory)PlayerStanceManager.h">
      <Filter>Itabashi\Components\PlayerComponent\PlayerStanceManager</Filter>
    </ClInclude>
    <ClInclude Include="$(MSBuildThisFileDirectory)EnState_Plowling.h">
      <Filter>Maru\Enemy\EnemyStateMachine\EnState_Plowling</Filter>
    </ClInclude>
    <ClInclude Include="$(MSBuildThisFileDirectory)StateMachine.h">
      <Filter>Maru\StateMachine</Filter>
    </ClInclude>
    <ClInclude Include="$(MSBuildThisFileDirectory)EnState_TargetChase.h">
      <Filter>Maru\Enemy\EnemyStateMachine\EnState_TargetChase</Filter>
    </ClInclude>
    <ClInclude Include="$(MSBuildThisFileDirectory)TargetChase.h">
      <Filter>Maru\Enemy\Component\Move\TargetChase</Filter>
    </ClInclude>
    <ClInclude Include="$(MSBuildThisFileDirectory)MyUtility.h">
      <Filter>Maru\MaruUthilyty\Utility</Filter>
    </ClInclude>
    <ClInclude Include="$(MSBuildThisFileDirectory)Mathf.h">
      <Filter>Maru\MaruUthilyty\Mathf</Filter>
    </ClInclude>
    <ClInclude Include="$(MSBuildThisFileDirectory)MTestEnemyObject.h">
      <Filter>Maru\Enemy\Object\MTestEnemyObject</Filter>
    </ClInclude>
    <ClInclude Include="$(MSBuildThisFileDirectory)SearchObject.h">
      <Filter>Maru\Enemy\Component\SearchObject</Filter>
    </ClInclude>
    <ClInclude Include="$(MSBuildThisFileDirectory)AnimationHelper.h">
      <Filter>Patchs\basecross\AnimationHelper</Filter>
    </ClInclude>
    <ClInclude Include="$(MSBuildThisFileDirectory)Trigger.h">
      <Filter>Patchs\Utilitys\Trigger</Filter>
    </ClInclude>
    <ClInclude Include="$(MSBuildThisFileDirectory)GaugeUI.h">
      <Filter>Itabashi\GaugeUI</Filter>
    </ClInclude>
    <ClInclude Include="$(MSBuildThisFileDirectory)GaugeManager.h">
      <Filter>Itabashi\Components\GaugeManager</Filter>
    </ClInclude>
    <ClInclude Include="$(MSBuildThisFileDirectory)PlayerWeightManager.h">
      <Filter>Itabashi\Components\PlayerComponent\PlayerWeightManager</Filter>
    </ClInclude>
    <ClInclude Include="$(MSBuildThisFileDirectory)EatenComponent.h">
      <Filter>Itabashi\Components\EatenComponent</Filter>
    </ClInclude>
    <ClInclude Include="$(MSBuildThisFileDirectory)TestEatenObject.h">
      <Filter>Itabashi\TestEatenObject</Filter>
    </ClInclude>
    <ClInclude Include="$(MSBuildThisFileDirectory)PlayerEatManager.h">
      <Filter>Itabashi\Components\PlayerComponent\PlayerEatManager</Filter>
    </ClInclude>
    <ClInclude Include="$(MSBuildThisFileDirectory)HiddenComponent.h">
      <Filter>Itabashi\Components\HiddenComponent</Filter>
    </ClInclude>
    <ClInclude Include="$(MSBuildThisFileDirectory)PlayerHideManager.h">
      <Filter>Itabashi\Components\PlayerComponent\PlayerHideManager</Filter>
    </ClInclude>
    <ClInclude Include="$(MSBuildThisFileDirectory)EyeSearchRange.h">
      <Filter>Maru\Enemy\Component\EyeSearchRange</Filter>
    </ClInclude>
    <ClInclude Include="$(MSBuildThisFileDirectory)MTestBox.h">
      <Filter>Maru\Object\MTestBox</Filter>
    </ClInclude>
    <ClInclude Include="$(MSBuildThisFileDirectory)I_Chase.h">
      <Filter>Maru\Enemy\Interface</Filter>
    </ClInclude>
    <ClInclude Include="$(MSBuildThisFileDirectory)MTestEnemy.h">
      <Filter>Maru\Enemy\Component\Enemy\TestEnemy\MTestEnemy</Filter>
    </ClInclude>
    <ClInclude Include="$(MSBuildThisFileDirectory)ChaseEnemy.h">
      <Filter>Maru\Enemy\Component\Enemy\TestEnemy\ChaseEnemy</Filter>
    </ClInclude>
    <ClInclude Include="$(MSBuildThisFileDirectory)ChaseEnemyObject.h">
      <Filter>Maru\Enemy\Object\ChanseEnemyObject</Filter>
    </ClInclude>
    <ClInclude Include="$(MSBuildThisFileDirectory)ReturnPlowlingPosition.h">
      <Filter>Maru\Enemy\Component\Move\ReturnPlowlingPosition</Filter>
    </ClInclude>
    <ClInclude Include="$(MSBuildThisFileDirectory)EnState_LoseTarget.h">
      <Filter>Maru\Enemy\EnemyStateMachine\EnState_LoseTarget</Filter>
    </ClInclude>
    <ClInclude Include="$(MSBuildThisFileDirectory)EarBase.h">
      <Filter>Maru\Enemy\Component\Ear</Filter>
    </ClInclude>
    <ClInclude Include="$(MSBuildThisFileDirectory)EnemyEar.h">
      <Filter>Maru\Enemy\Component\Ear\EnemyEar</Filter>
    </ClInclude>
    <ClInclude Include="$(MSBuildThisFileDirectory)EnemyRotationCtrl.h">
      <Filter>Maru\Enemy\Component\Rotation\EnemyRotationCtrl</Filter>
    </ClInclude>
    <ClInclude Include="$(MSBuildThisFileDirectory)MaruStage.h">
      <Filter>Maru\TestStage\MaruStage</Filter>
    </ClInclude>
    <ClInclude Include="$(MSBuildThisFileDirectory)MargeTestStage.h">
      <Filter>Maru\TestStage\MargeTestStage</Filter>
    </ClInclude>
    <ClInclude Include="$(MSBuildThisFileDirectory)StageMapCSV.h">
      <Filter>Maru\Load\StageMapCSV</Filter>
    </ClInclude>
    <ClInclude Include="$(MSBuildThisFileDirectory)LoadData.h">
      <Filter>Maru\Load\LoadData</Filter>
    </ClInclude>
    <ClInclude Include="$(MSBuildThisFileDirectory)StageObject.h">
      <Filter>Maru\Object\StageObject</Filter>
    </ClInclude>
    <ClInclude Include="$(MSBuildThisFileDirectory)ResetStageObj.h">
      <Filter>Maru\Object\StageObject\ResetStageObj</Filter>
    </ClInclude>
    <ClInclude Include="$(MSBuildThisFileDirectory)FixedBox.h">
      <Filter>Maru\Object\StageObject\FixedBox</Filter>
    </ClInclude>
    <ClInclude Include="$(MSBuildThisFileDirectory)ChoicesComponentBase.h">
      <Filter>Itabashi\Components\ChoicesComponentBase</Filter>
    </ClInclude>
    <ClInclude Include="$(MSBuildThisFileDirectory)PlayerChoicesManager.h">
      <Filter>Itabashi\Components\PlayerComponent\PlayerChoicesManager</Filter>
    </ClInclude>
    <ClInclude Include="$(MSBuildThisFileDirectory)FontHelper.h">
      <Filter>Patchs\basecross\FontHelper</Filter>
    </ClInclude>
    <ClInclude Include="$(MSBuildThisFileDirectory)SpringArmComponent.h">
      <Filter>Itabashi\Components\SpringArmComponent</Filter>
    </ClInclude>
    <ClInclude Include="$(MSBuildThisFileDirectory)PlayerCameraMover.h">
      <Filter>Itabashi\Components\PlayerComponent\PlayerCameraMover</Filter>
    </ClInclude>
    <ClInclude Include="$(MSBuildThisFileDirectory)ForwardLookAtCameraComponent.h">
      <Filter>Itabashi\Components\ForwardLocckAtCameraComponent</Filter>
    </ClInclude>
    <ClInclude Include="$(MSBuildThisFileDirectory)ChasingTarget.h">
      <Filter>Itabashi\Components\ChasingTarget</Filter>
    </ClInclude>
    <ClInclude Include="$(MSBuildThisFileDirectory)SoundHelper.h">
      <Filter>Patchs\basecross\SoundHelper</Filter>
    </ClInclude>
    <ClInclude Include="$(MSBuildThisFileDirectory)SoundSetting.h">
      <Filter>Itabashi\Settings\SoundSetting</Filter>
    </ClInclude>
    <ClInclude Include="$(MSBuildThisFileDirectory)PositionDrawComp.h">
      <Filter>Maru\MaruUthilyty\PositionDrawComp</Filter>
    </ClInclude>
    <ClInclude Include="$(MSBuildThisFileDirectory)EscapeEnemyObject.h">
      <Filter>Maru\Enemy\Object\EscapeEnemyObject</Filter>
    </ClInclude>
    <ClInclude Include="$(MSBuildThisFileDirectory)EscapeEnemy.h">
      <Filter>Maru\Enemy\Component\Enemy\TestEnemy\EscapeEnemy</Filter>
    </ClInclude>
    <ClInclude Include="$(MSBuildThisFileDirectory)CalucEscapeRoute.h">
      <Filter>Maru\Enemy\AstarCtrl\CalucEscapeRoute</Filter>
    </ClInclude>
    <ClInclude Include="$(MSBuildThisFileDirectory)UtilityAstar.h">
      <Filter>Maru\Astar\GraphAstar\UtilityAstar</Filter>
    </ClInclude>
    <ClInclude Include="$(MSBuildThisFileDirectory)EnState_EscapeMove.h">
      <Filter>Maru\Enemy\EnemyStateMachine\EnState_EscapeMove</Filter>
    </ClInclude>
    <ClInclude Include="$(MSBuildThisFileDirectory)TargetEscape.h">
      <Filter>Maru\Enemy\Component\Move\TargetEscape</Filter>
    </ClInclude>
    <ClInclude Include="$(MSBuildThisFileDirectory)I_Escape.h">
      <Filter>Maru\Enemy\Interface</Filter>
    </ClInclude>
    <ClInclude Include="$(MSBuildThisFileDirectory)EnState_Attack.h">
      <Filter>Maru\Enemy\EnemyStateMachine\EnState_Attack</Filter>
    </ClInclude>
    <ClInclude Include="$(MSBuildThisFileDirectory)Handy_Attack.h">
      <Filter>Maru\Enemy\Component\Attack\HnadyAttack</Filter>
    </ClInclude>
    <ClInclude Include="$(MSBuildThisFileDirectory)BaseAttack.h">
      <Filter>Maru\Enemy\Component\Attack</Filter>
    </ClInclude>
    <ClInclude Include="$(MSBuildThisFileDirectory)ThrowCtrl.h">
      <Filter>Maru\Enemy\Component\Attack\HnadyAttack\ThrowCtrl</Filter>
    </ClInclude>
    <ClInclude Include="$(MSBuildThisFileDirectory)ThrowObject.h">
      <Filter>Maru\Object\ThrowObject</Filter>
    </ClInclude>
    <ClInclude Include="$(MSBuildThisFileDirectory)Velocity.h">
      <Filter>Maru\Component\Velocity</Filter>
    </ClInclude>
    <ClInclude Include="$(MSBuildThisFileDirectory)ThrowHandyObject.h">
      <Filter>Maru\Object\ThrowObject\ThromHandyObject</Filter>
    </ClInclude>
    <ClInclude Include="$(MSBuildThisFileDirectory)ThrowObjectCtrl.h">
      <Filter>Maru\Enemy\Component\Attack\HnadyAttack\ThrowObjectCtrl</Filter>
    </ClInclude>
    <ClInclude Include="$(MSBuildThisFileDirectory)UtilVelocity.h">
      <Filter>Maru\Component\Velocity\UtilVelocity</Filter>
    </ClInclude>
    <ClInclude Include="$(MSBuildThisFileDirectory)EnState_ProbeTarget.h">
      <Filter>Maru\Enemy\EnemyStateMachine\EnState_ProbeTarget</Filter>
    </ClInclude>
    <ClInclude Include="$(MSBuildThisFileDirectory)TargetProbe.h">
      <Filter>Maru\Enemy\Component\Move\TargetProbe</Filter>
    </ClInclude>
    <ClInclude Include="$(MSBuildThisFileDirectory)BaseUseVelocity.h">
      <Filter>Maru\Component\Velocity\BaseUseVelocity</Filter>
    </ClInclude>
    <ClInclude Include="$(MSBuildThisFileDirectory)ProbeAstarMove.h">
      <Filter>Maru\Enemy\Component\Move\TargetProbe\ProbeTargetMove</Filter>
    </ClInclude>
    <ClInclude Include="$(MSBuildThisFileDirectory)PointLight.h">
      <Filter>Maru\Light\PointLight</Filter>
    </ClInclude>
    <ClInclude Include="$(MSBuildThisFileDirectory)PNTPointDraw.h">
      <Filter>Maru\Light\PNTPointDraw</Filter>
    </ClInclude>
    <ClInclude Include="$(MSBuildThisFileDirectory)SoundCookie.h">
      <Filter>Maru\Component\Gimmick\SoundCookie</Filter>
    </ClInclude>
    <ClInclude Include="$(MSBuildThisFileDirectory)AstarPlowlingMove.h">
      <Filter>Maru\Enemy\Component\Move\AstarPlowlingMove</Filter>
    </ClInclude>
    <ClInclude Include="$(MSBuildThisFileDirectory)EnState_CheckSoundPos.h">
      <Filter>Maru\Enemy\EnemyStateMachine\EnState_CheckSoundPos</Filter>
    </ClInclude>
    <ClInclude Include="$(MSBuildThisFileDirectory)CheckTargetPos.h">
      <Filter>Maru\Enemy\Component\Move\CheckTargetPos</Filter>
    </ClInclude>
    <ClInclude Include="$(MSBuildThisFileDirectory)SoundCookieObject.h">
      <Filter>Maru\Object\Gimmick\SoundCookieObject</Filter>
    </ClInclude>
    <ClInclude Include="$(MSBuildThisFileDirectory)CrackCookie.h">
      <Filter>Maru\Component\Gimmick\CrackCookie</Filter>
    </ClInclude>
    <ClInclude Include="$(MSBuildThisFileDirectory)CrackCookieObject.h">
      <Filter>Maru\Object\Gimmick\CrackCookieObject</Filter>
    </ClInclude>
    <ClInclude Include="$(MSBuildThisFileDirectory)FlameMatch.h">
      <Filter>Maru\Component\MiniGame\FlameMatch</Filter>
    </ClInclude>
    <ClInclude Include="$(MSBuildThisFileDirectory)TitleStage.h">
      <Filter>Maru\TestStage\TitleStage</Filter>
    </ClInclude>
  </ItemGroup>
  <ItemGroup>
    <ClCompile Include="$(MSBuildThisFileDirectory)ProjectShader.cpp">
      <Filter>Sources</Filter>
    </ClCompile>
    <ClCompile Include="$(MSBuildThisFileDirectory)Scene.cpp">
      <Filter>Sources</Filter>
    </ClCompile>
    <ClCompile Include="$(MSBuildThisFileDirectory)WinMain.cpp">
      <Filter>Sources</Filter>
    </ClCompile>
    <ClCompile Include="$(MSBuildThisFileDirectory)ProjectBehavior.cpp">
      <Filter>Sources</Filter>
    </ClCompile>
    <ClCompile Include="$(MSBuildThisFileDirectory)GameStage.cpp">
      <Filter>Stages\GameStage</Filter>
    </ClCompile>
    <ClCompile Include="$(MSBuildThisFileDirectory)InputHelper.cpp">
      <Filter>Patchs\Inputs\InputHelper</Filter>
    </ClCompile>
    <ClCompile Include="$(MSBuildThisFileDirectory)BasecrossInputer.cpp">
      <Filter>Patchs\Inputs\BasecrossInputer</Filter>
    </ClCompile>
    <ClCompile Include="$(MSBuildThisFileDirectory)ActionTimer.cpp">
      <Filter>Patchs\Utilitys\ActionTimer</Filter>
    </ClCompile>
    <ClCompile Include="$(MSBuildThisFileDirectory)UIHelper.cpp">
      <Filter>Patchs\basecross\UIHelper</Filter>
    </ClCompile>
    <ClCompile Include="$(MSBuildThisFileDirectory)Bezier.cpp">
      <Filter>Patchs\Maths\Bezier</Filter>
    </ClCompile>
    <ClCompile Include="$(MSBuildThisFileDirectory)BezierTransitioner.cpp">
      <Filter>Patchs\basecross\BezierTransitioner</Filter>
    </ClCompile>
    <ClCompile Include="$(MSBuildThisFileDirectory)Player.cpp">
      <Filter>Objects\Player</Filter>
    </ClCompile>
    <ClCompile Include="$(MSBuildThisFileDirectory)GraphNode.cpp">
      <Filter>Maru\Astar\GraphNode</Filter>
    </ClCompile>
    <ClCompile Include="$(MSBuildThisFileDirectory)GraphEdge.cpp">
      <Filter>Maru\Astar\GraphEdge</Filter>
    </ClCompile>
    <ClCompile Include="$(MSBuildThisFileDirectory)PlayerInputer.cpp">
      <Filter>Itabashi\Inputs\PlayerInputer</Filter>
    </ClCompile>
    <ClCompile Include="$(MSBuildThisFileDirectory)PlayerObject.cpp">
      <Filter>Itabashi\PlayerObject</Filter>
    </ClCompile>
    <ClCompile Include="$(MSBuildThisFileDirectory)ItabashiStage.cpp">
      <Filter>Itabashi\Stage</Filter>
    </ClCompile>
    <ClCompile Include="$(MSBuildThisFileDirectory)MathHelper.cpp">
      <Filter>Patchs\Maths\MyMath</Filter>
    </ClCompile>
    <ClCompile Include="$(MSBuildThisFileDirectory)PlayerCameraObject.cpp">
      <Filter>Itabashi\PlayerCameraObject</Filter>
    </ClCompile>
    <ClCompile Include="$(MSBuildThisFileDirectory)PlayerMover.cpp">
      <Filter>Itabashi\Components\PlayerComponent\PlayerMover</Filter>
    </ClCompile>
    <ClCompile Include="$(MSBuildThisFileDirectory)PlayerFPSCameraMover.cpp">
      <Filter>Itabashi\Components\PlayerComponent\PlayerFPSCameraMover</Filter>
    </ClCompile>
    <ClCompile Include="$(MSBuildThisFileDirectory)PlowlingMove.cpp">
      <Filter>Maru\Enemy\Component\Move\PlowlingMove</Filter>
    </ClCompile>
    <ClCompile Include="$(MSBuildThisFileDirectory)Heuristic.cpp">
      <Filter>Maru\Astar\Heuristic</Filter>
    </ClCompile>
    <ClCompile Include="$(MSBuildThisFileDirectory)GraphAstar.cpp">
      <Filter>Maru\Astar\GraphAstar</Filter>
    </ClCompile>
    <ClCompile Include="$(MSBuildThisFileDirectory)AstarCtrl.cpp">
      <Filter>Maru\Enemy\AstarCtrl</Filter>
    </ClCompile>
    <ClCompile Include="$(MSBuildThisFileDirectory)DebugObject.cpp">
      <Filter>Maru\Object\DebugObject</Filter>
    </ClCompile>
    <ClCompile Include="$(MSBuildThisFileDirectory)EnState_Plowling.cpp">
      <Filter>Maru\Enemy\EnemyStateMachine\EnState_Plowling</Filter>
    </ClCompile>
    <ClCompile Include="$(MSBuildThisFileDirectory)BaseEnemy.cpp">
      <Filter>Maru\Enemy\Component\Enemy</Filter>
    </ClCompile>
    <ClCompile Include="$(MSBuildThisFileDirectory)EnState_TargetChase.cpp">
      <Filter>Maru\Enemy\EnemyStateMachine\EnState_TargetChase</Filter>
    </ClCompile>
    <ClCompile Include="$(MSBuildThisFileDirectory)TargetChase.cpp">
      <Filter>Maru\Enemy\Component\Move\TargetChase</Filter>
    </ClCompile>
    <ClCompile Include="$(MSBuildThisFileDirectory)MyUtility.cpp">
      <Filter>Maru\MaruUthilyty\Utility</Filter>
    </ClCompile>
    <ClCompile Include="$(MSBuildThisFileDirectory)Mathf.cpp">
      <Filter>Maru\MaruUthilyty\Mathf</Filter>
    </ClCompile>
    <ClCompile Include="$(MSBuildThisFileDirectory)MTestEnemyObject.cpp">
      <Filter>Maru\Enemy\Object\MTestEnemyObject</Filter>
    </ClCompile>
    <ClCompile Include="$(MSBuildThisFileDirectory)SearchObject.cpp">
      <Filter>Maru\Enemy\Component\SearchObject</Filter>
    </ClCompile>
    <ClCompile Include="$(MSBuildThisFileDirectory)PlayerProvider.cpp">
      <Filter>Itabashi\Components\PlayerComponent\PlayerProvider</Filter>
    </ClCompile>
    <ClCompile Include="$(MSBuildThisFileDirectory)PlayerStanceManager.cpp">
      <Filter>Itabashi\Components\PlayerComponent\PlayerStanceManager</Filter>
    </ClCompile>
    <ClCompile Include="$(MSBuildThisFileDirectory)GaugeUI.cpp">
      <Filter>Itabashi\GaugeUI</Filter>
    </ClCompile>
    <ClCompile Include="$(MSBuildThisFileDirectory)GaugeManager.cpp">
      <Filter>Itabashi\Components\GaugeManager</Filter>
    </ClCompile>
    <ClCompile Include="$(MSBuildThisFileDirectory)PlayerWeightManager.cpp">
      <Filter>Itabashi\Components\PlayerComponent\PlayerWeightManager</Filter>
    </ClCompile>
    <ClCompile Include="$(MSBuildThisFileDirectory)EatenComponent.cpp">
      <Filter>Itabashi\Components\EatenComponent</Filter>
    </ClCompile>
    <ClCompile Include="$(MSBuildThisFileDirectory)TestEatenObject.cpp">
      <Filter>Itabashi\TestEatenObject</Filter>
    </ClCompile>
    <ClCompile Include="$(MSBuildThisFileDirectory)PlayerEatManager.cpp">
      <Filter>Itabashi\Components\PlayerComponent\PlayerEatManager</Filter>
    </ClCompile>
    <ClCompile Include="$(MSBuildThisFileDirectory)HiddenComponent.cpp">
      <Filter>Itabashi\Components\HiddenComponent</Filter>
    </ClCompile>
    <ClCompile Include="$(MSBuildThisFileDirectory)PlayerHideManager.cpp">
      <Filter>Itabashi\Components\PlayerComponent\PlayerHideManager</Filter>
    </ClCompile>
    <ClCompile Include="$(MSBuildThisFileDirectory)EyeSearchRange.cpp">
      <Filter>Maru\Enemy\Component\EyeSearchRange</Filter>
    </ClCompile>
    <ClCompile Include="$(MSBuildThisFileDirectory)MTestBox.cpp">
      <Filter>Maru\Object\MTestBox</Filter>
    </ClCompile>
    <ClCompile Include="$(MSBuildThisFileDirectory)MTestEnemy.cpp">
      <Filter>Maru\Enemy\Component\Enemy\TestEnemy\MTestEnemy</Filter>
    </ClCompile>
    <ClCompile Include="$(MSBuildThisFileDirectory)ChaseEnemy.cpp">
      <Filter>Maru\Enemy\Component\Enemy\TestEnemy\ChaseEnemy</Filter>
    </ClCompile>
    <ClCompile Include="$(MSBuildThisFileDirectory)ChaseEnemyObject.cpp">
      <Filter>Maru\Enemy\Object\ChanseEnemyObject</Filter>
    </ClCompile>
    <ClCompile Include="$(MSBuildThisFileDirectory)EnState_LoseTarget.cpp">
      <Filter>Maru\Enemy\EnemyStateMachine\EnState_LoseTarget</Filter>
    </ClCompile>
    <ClCompile Include="$(MSBuildThisFileDirectory)ReturnPlowlingPosition.cpp">
      <Filter>Maru\Enemy\Component\Move\ReturnPlowlingPosition</Filter>
    </ClCompile>
    <ClCompile Include="$(MSBuildThisFileDirectory)EnemyEar.cpp">
      <Filter>Maru\Enemy\Component\Ear\EnemyEar</Filter>
    </ClCompile>
    <ClCompile Include="$(MSBuildThisFileDirectory)EnemyRotationCtrl.cpp">
      <Filter>Maru\Enemy\Component\Rotation\EnemyRotationCtrl</Filter>
    </ClCompile>
    <ClCompile Include="$(MSBuildThisFileDirectory)MaruStage.cpp">
      <Filter>Maru\TestStage\MaruStage</Filter>
    </ClCompile>
    <ClCompile Include="$(MSBuildThisFileDirectory)MargeTestStage.cpp">
      <Filter>Maru\TestStage\MargeTestStage</Filter>
    </ClCompile>
    <ClCompile Include="$(MSBuildThisFileDirectory)StageMapCSV.cpp">
      <Filter>Maru\Load\StageMapCSV</Filter>
    </ClCompile>
    <ClCompile Include="$(MSBuildThisFileDirectory)LoadData.cpp">
      <Filter>Maru\Load\LoadData</Filter>
    </ClCompile>
    <ClCompile Include="$(MSBuildThisFileDirectory)StageObject.cpp">
      <Filter>Maru\Object\StageObject</Filter>
    </ClCompile>
    <ClCompile Include="$(MSBuildThisFileDirectory)ResetStageObj.cpp">
      <Filter>Maru\Object\StageObject\ResetStageObj</Filter>
    </ClCompile>
    <ClCompile Include="$(MSBuildThisFileDirectory)FixedBox.cpp">
      <Filter>Maru\Object\StageObject\FixedBox</Filter>
    </ClCompile>
    <ClCompile Include="$(MSBuildThisFileDirectory)PlayerChoicesManager.cpp">
      <Filter>Itabashi\Components\PlayerComponent\PlayerChoicesManager</Filter>
    </ClCompile>
    <ClCompile Include="$(MSBuildThisFileDirectory)FontHelper.cpp">
      <Filter>Patchs\basecross\FontHelper</Filter>
    </ClCompile>
    <ClCompile Include="$(MSBuildThisFileDirectory)SpringArmComponent.cpp">
      <Filter>Itabashi\Components\SpringArmComponent</Filter>
    </ClCompile>
    <ClCompile Include="$(MSBuildThisFileDirectory)PlayerCameraMover.cpp">
      <Filter>Itabashi\Components\PlayerComponent\PlayerCameraMover</Filter>
    </ClCompile>
    <ClCompile Include="$(MSBuildThisFileDirectory)SoundHelper.cpp">
      <Filter>Patchs\basecross\SoundHelper</Filter>
    </ClCompile>
    <ClCompile Include="$(MSBuildThisFileDirectory)SoundSetting.cpp">
      <Filter>Itabashi\Settings\SoundSetting</Filter>
    </ClCompile>
    <ClCompile Include="$(MSBuildThisFileDirectory)PositionDrawComp.cpp">
      <Filter>Maru\MaruUthilyty\PositionDrawComp</Filter>
    </ClCompile>
    <ClCompile Include="$(MSBuildThisFileDirectory)EscapeEnemyObject.cpp">
      <Filter>Maru\Enemy\Object\EscapeEnemyObject</Filter>
    </ClCompile>
    <ClCompile Include="$(MSBuildThisFileDirectory)EscapeEnemy.cpp">
      <Filter>Maru\Enemy\Component\Enemy\TestEnemy\EscapeEnemy</Filter>
    </ClCompile>
    <ClCompile Include="$(MSBuildThisFileDirectory)CalucEscapeRoute.cpp">
      <Filter>Maru\Enemy\AstarCtrl\CalucEscapeRoute</Filter>
    </ClCompile>
    <ClCompile Include="$(MSBuildThisFileDirectory)UtilityAstar.cpp">
      <Filter>Maru\Astar\GraphAstar\UtilityAstar</Filter>
    </ClCompile>
    <ClCompile Include="$(MSBuildThisFileDirectory)EnState_EscapeMove.cpp">
      <Filter>Maru\Enemy\EnemyStateMachine\EnState_EscapeMove</Filter>
    </ClCompile>
    <ClCompile Include="$(MSBuildThisFileDirectory)TargetEscape.cpp">
      <Filter>Maru\Enemy\Component\Move\TargetEscape</Filter>
    </ClCompile>
    <ClCompile Include="$(MSBuildThisFileDirectory)EnState_Attack.cpp">
      <Filter>Maru\Enemy\EnemyStateMachine\EnState_Attack</Filter>
    </ClCompile>
    <ClCompile Include="$(MSBuildThisFileDirectory)Handy_Attack.cpp">
      <Filter>Maru\Enemy\Component\Attack\HnadyAttack</Filter>
    </ClCompile>
    <ClCompile Include="$(MSBuildThisFileDirectory)BaseAttack.cpp">
      <Filter>Maru\Enemy\Component\Attack</Filter>
    </ClCompile>
    <ClCompile Include="$(MSBuildThisFileDirectory)ThrowObject.cpp">
      <Filter>Maru\Object\ThrowObject</Filter>
    </ClCompile>
    <ClCompile Include="$(MSBuildThisFileDirectory)Velocity.cpp">
      <Filter>Maru\Component\Velocity</Filter>
    </ClCompile>
    <ClCompile Include="$(MSBuildThisFileDirectory)ThrowHandyObject.cpp">
      <Filter>Maru\Object\ThrowObject\ThromHandyObject</Filter>
    </ClCompile>
    <ClCompile Include="$(MSBuildThisFileDirectory)ThrowCtrl.cpp">
      <Filter>Maru\Enemy\Component\Attack\HnadyAttack\ThrowCtrl</Filter>
    </ClCompile>
    <ClCompile Include="$(MSBuildThisFileDirectory)ThrowObjectCtrl.cpp">
      <Filter>Maru\Enemy\Component\Attack\HnadyAttack\ThrowObjectCtrl</Filter>
    </ClCompile>
    <ClCompile Include="$(MSBuildThisFileDirectory)UtilVelocity.cpp">
      <Filter>Maru\Component\Velocity\UtilVelocity</Filter>
    </ClCompile>
    <ClCompile Include="$(MSBuildThisFileDirectory)EnState_ProbeTarget.cpp">
      <Filter>Maru\Enemy\EnemyStateMachine\EnState_ProbeTarget</Filter>
    </ClCompile>
    <ClCompile Include="$(MSBuildThisFileDirectory)TargetProbe.cpp">
      <Filter>Maru\Enemy\Component\Move\TargetProbe</Filter>
    </ClCompile>
    <ClCompile Include="$(MSBuildThisFileDirectory)ProbeAstarMove.cpp">
      <Filter>Maru\Enemy\Component\Move\TargetProbe\ProbeTargetMove</Filter>
    </ClCompile>
    <ClCompile Include="$(MSBuildThisFileDirectory)PNTPointDraw.cpp">
      <Filter>Maru\Light\PNTPointDraw</Filter>
    </ClCompile>
    <ClCompile Include="$(MSBuildThisFileDirectory)PointLight.cpp">
      <Filter>Maru\Light\PointLight</Filter>
    </ClCompile>
    <ClCompile Include="$(MSBuildThisFileDirectory)SoundCookie.cpp">
      <Filter>Maru\Component\Gimmick\SoundCookie</Filter>
    </ClCompile>
    <ClCompile Include="$(MSBuildThisFileDirectory)AstarPlowlingMove.cpp">
      <Filter>Maru\Enemy\Component\Move\AstarPlowlingMove</Filter>
    </ClCompile>
    <ClCompile Include="$(MSBuildThisFileDirectory)EnState_CheckSoundPos.cpp">
      <Filter>Maru\Enemy\EnemyStateMachine\EnState_CheckSoundPos</Filter>
    </ClCompile>
    <ClCompile Include="$(MSBuildThisFileDirectory)CheckTargetPos.cpp">
      <Filter>Maru\Enemy\Component\Move\CheckTargetPos</Filter>
    </ClCompile>
    <ClCompile Include="$(MSBuildThisFileDirectory)SoundCookieObject.cpp">
      <Filter>Maru\Object\Gimmick\SoundCookieObject</Filter>
    </ClCompile>
    <ClCompile Include="$(MSBuildThisFileDirectory)CrackCookie.cpp">
      <Filter>Maru\Component\Gimmick\CrackCookie</Filter>
    </ClCompile>
    <ClCompile Include="$(MSBuildThisFileDirectory)CrackCookieObject.cpp">
      <Filter>Maru\Object\Gimmick\CrackCookieObject</Filter>
    </ClCompile>
    <ClCompile Include="$(MSBuildThisFileDirectory)FlameMatch.cpp">
      <Filter>Maru\Component\MiniGame\FlameMatch</Filter>
    </ClCompile>
    <ClCompile Include="$(MSBuildThisFileDirectory)TitleStage.cpp">
      <Filter>Maru\TestStage\TitleStage</Filter>
    </ClCompile>
  </ItemGroup>
  <ItemGroup>
    <FxCompile Include="$(MSBuildThisFileDirectory)..\..\Libs\BaseLib\DxShaders\PSPNTPoint.hlsl">
      <Filter>Maru\Light\MyShader</Filter>
    </FxCompile>
    <FxCompile Include="$(MSBuildThisFileDirectory)..\..\Libs\BaseLib\DxShaders\VSPNTPoint.hlsl">
      <Filter>Maru\Light\MyShader</Filter>
    </FxCompile>
  </ItemGroup>
  <ItemGroup>
    <None Include="$(MSBuildThisFileDirectory)..\..\Libs\BaseLib\DxShaders\PointLightParametors.hlsli">
      <Filter>Maru\Light\MyShader</Filter>
    </None>
    <None Include="$(MSBuildThisFileDirectory)..\..\Libs\BaseLib\DxShaders\PointLighting.hlsli">
      <Filter>Maru\Light\MyShader</Filter>
    </None>
  </ItemGroup>
</Project>